
Microsoft Visual Studio Solution File, Format Version 12.00
# Visual Studio Version 17
VisualStudioVersion = 17.14.36518.9
MinimumVisualStudioVersion = 10.0.40219.1
Project("{FAE04EC0-301F-11D3-BF4B-00C04F79EFBC}") = "SinokBerezki.Application", "SinokBerezki.Application\SinokBerezki.Application.csproj", "{FED23AC1-9EFE-2CB4-21CF-47F040C27B46}"
EndProject
Project("{FAE04EC0-301F-11D3-BF4B-00C04F79EFBC}") = "SinokBerezki.Core", "SinokBerezki.Core\SinokBerezki.Core.csproj", "{84373EF4-AB65-A165-E758-FC4312B8F098}"
EndProject
Project("{FAE04EC0-301F-11D3-BF4B-00C04F79EFBC}") = "SinokBerezki.DiscordBot", "SinokBerezki.DiscordBot\SinokBerezki.DiscordBot.csproj", "{29A2AD9D-3C15-5615-0F92-2BA4F6C4114C}"
EndProject
Project("{FAE04EC0-301F-11D3-BF4B-00C04F79EFBC}") = "SinokBerezki.Infrastructure", "SinokBerezki.Infrastructure\SinokBerezki.Infrastructure.csproj", "{4EF12EE5-DBC4-48E3-894B-8716B09DBA1E}"
EndProject
Project("{FAE04EC0-301F-11D3-BF4B-00C04F79EFBC}") = "SinokBerezki.Host", "SinokBerezki.Host\SinokBerezki.Host.csproj", "{CED12165-1C41-D348-DCF3-3B84260062D1}"
EndProject
Global
	GlobalSection(SolutionConfigurationPlatforms) = preSolution
		Debug|Any CPU = Debug|Any CPU
		Release|Any CPU = Release|Any CPU
	EndGlobalSection
	GlobalSection(ProjectConfigurationPlatforms) = postSolution
		{FED23AC1-9EFE-2CB4-21CF-47F040C27B46}.Debug|Any CPU.ActiveCfg = Debug|Any CPU
		{FED23AC1-9EFE-2CB4-21CF-47F040C27B46}.Debug|Any CPU.Build.0 = Debug|Any CPU
		{FED23AC1-9EFE-2CB4-21CF-47F040C27B46}.Release|Any CPU.ActiveCfg = Release|Any CPU
		{FED23AC1-9EFE-2CB4-21CF-47F040C27B46}.Release|Any CPU.Build.0 = Release|Any CPU
		{84373EF4-AB65-A165-E758-FC4312B8F098}.Debug|Any CPU.ActiveCfg = Debug|Any CPU
		{84373EF4-AB65-A165-E758-FC4312B8F098}.Debug|Any CPU.Build.0 = Debug|Any CPU
		{84373EF4-AB65-A165-E758-FC4312B8F098}.Release|Any CPU.ActiveCfg = Release|Any CPU
		{84373EF4-AB65-A165-E758-FC4312B8F098}.Release|Any CPU.Build.0 = Release|Any CPU
		{29A2AD9D-3C15-5615-0F92-2BA4F6C4114C}.Debug|Any CPU.ActiveCfg = Debug|Any CPU
		{29A2AD9D-3C15-5615-0F92-2BA4F6C4114C}.Debug|Any CPU.Build.0 = Debug|Any CPU
		{29A2AD9D-3C15-5615-0F92-2BA4F6C4114C}.Release|Any CPU.ActiveCfg = Release|Any CPU
		{29A2AD9D-3C15-5615-0F92-2BA4F6C4114C}.Release|Any CPU.Build.0 = Release|Any CPU
		{4EF12EE5-DBC4-48E3-894B-8716B09DBA1E}.Debug|Any CPU.ActiveCfg = Debug|Any CPU
		{4EF12EE5-DBC4-48E3-894B-8716B09DBA1E}.Debug|Any CPU.Build.0 = Debug|Any CPU
		{4EF12EE5-DBC4-48E3-894B-8716B09DBA1E}.Release|Any CPU.ActiveCfg = Release|Any CPU
		{4EF12EE5-DBC4-48E3-894B-8716B09DBA1E}.Release|Any CPU.Build.0 = Release|Any CPU
		{CED12165-1C41-D348-DCF3-3B84260062D1}.Debug|Any CPU.ActiveCfg = Debug|Any CPU
		{CED12165-1C41-D348-DCF3-3B84260062D1}.Debug|Any CPU.Build.0 = Debug|Any CPU
		{CED12165-1C41-D348-DCF3-3B84260062D1}.Release|Any CPU.ActiveCfg = Release|Any CPU
		{CED12165-1C41-D348-DCF3-3B84260062D1}.Release|Any CPU.Build.0 = Release|Any CPU
	EndGlobalSection
	GlobalSection(SolutionProperties) = preSolution
		HideSolutionNode = FALSE
	EndGlobalSection
	GlobalSection(ExtensibilityGlobals) = postSolution
		SolutionGuid = {AD15FF0B-EEDC-4897-AE73-BBFE56770670}
	EndGlobalSection
EndGlobal
